
Microsoft Visual Studio Solution File, Format Version 12.00
# Visual Studio Version 16
VisualStudioVersion = 16.0.30621.155
MinimumVisualStudioVersion = 10.0.40219.1
Project("{FAE04EC0-301F-11D3-BF4B-00C04F79EFBC}") = "NET_RGR", "NET_RGR\NET_RGR.csproj", "{F08A7A1A-F053-4D13-9B64-0F8654C56D47}"
EndProject
Global
	GlobalSection(SolutionConfigurationPlatforms) = preSolution
		Debug|Any CPU = Debug|Any CPU
		Release|Any CPU = Release|Any CPU
	EndGlobalSection
	GlobalSection(ProjectConfigurationPlatforms) = postSolution
		{F08A7A1A-F053-4D13-9B64-0F8654C56D47}.Debug|Any CPU.ActiveCfg = Debug|Any CPU
		{F08A7A1A-F053-4D13-9B64-0F8654C56D47}.Debug|Any CPU.Build.0 = Debug|Any CPU
		{F08A7A1A-F053-4D13-9B64-0F8654C56D47}.Release|Any CPU.ActiveCfg = Release|Any CPU
		{F08A7A1A-F053-4D13-9B64-0F8654C56D47}.Release|Any CPU.Build.0 = Release|Any CPU
	EndGlobalSection
	GlobalSection(SolutionProperties) = preSolution
		HideSolutionNode = FALSE
	EndGlobalSection
	GlobalSection(ExtensibilityGlobals) = postSolution
		SolutionGuid = {6D4B1D27-881D-4440-9219-4A726881B326}
	EndGlobalSection
EndGlobal
